
Microsoft Visual Studio Solution File, Format Version 12.00
# Visual Studio Version 17
VisualStudioVersion = 17.0.31903.59
MinimumVisualStudioVersion = 10.0.40219.1
Project("{2150E333-8FDC-42A3-9474-1A3956D46DE8}") = "src", "src", "{960D7E6F-0F66-4E8A-A1E5-8A3DC06AEDA7}"
EndProject
Project("{2150E333-8FDC-42A3-9474-1A3956D46DE8}") = "Events", "Events", "{611DF6AE-E66F-4A7F-A317-2CC82AE5DC73}"
EndProject
Project("{FAE04EC0-301F-11D3-BF4B-00C04F79EFBC}") = "TodoApp.Events", "src\Events\TodoApp.Events\TodoApp.Events.csproj", "{A8E94B88-66B4-48D1-8CBE-008F1B09524C}"
EndProject
Project("{2150E333-8FDC-42A3-9474-1A3956D46DE8}") = "Gateways", "Gateways", "{7AA67693-2001-4C2D-80C1-824F49F8FB3D}"
EndProject
Project("{FAE04EC0-301F-11D3-BF4B-00C04F79EFBC}") = "TodoApp.WebGateway", "src\Gateways\TodoApp.WebGateway\TodoApp.WebGateway.csproj", "{D15A676A-14D0-4FE5-8BF8-E7E00DBBC3D3}"
EndProject
Project("{2150E333-8FDC-42A3-9474-1A3956D46DE8}") = "Modules", "Modules", "{99759EF5-FCDA-47C4-8EC3-93BE784FA8B6}"
EndProject
Project("{2150E333-8FDC-42A3-9474-1A3956D46DE8}") = "Assignments", "Assignments", "{B02996C7-C32F-46CD-B336-06FF53653B83}"
EndProject
Project("{FAE04EC0-301F-11D3-BF4B-00C04F79EFBC}") = "Assignments.WebApi", "src\Modules\Assignments\Assignments.WebApi\Assignments.WebApi.csproj", "{87EAB213-53E1-419D-83C0-2AC645DECA8F}"
EndProject
Project("{2150E333-8FDC-42A3-9474-1A3956D46DE8}") = "Services", "Services", "{F5AA626A-D08F-4702-849C-277A89303B64}"
EndProject
Project("{2150E333-8FDC-42A3-9474-1A3956D46DE8}") = "Assignments", "Assignments", "{B703505B-37D4-4893-A5F6-7A443C55F6B9}"
EndProject
Project("{FAE04EC0-301F-11D3-BF4B-00C04F79EFBC}") = "Assignments.Application", "src\Services\Assignments\Assignments.Application\Assignments.Application.csproj", "{7C445E78-2477-452F-B64B-AC03BF83DF37}"
EndProject
Project("{FAE04EC0-301F-11D3-BF4B-00C04F79EFBC}") = "Assignments.Controllers", "src\Services\Assignments\Assignments.Controllers\Assignments.Controllers.csproj", "{A8A19560-CC49-4FD0-A10E-237504C28F77}"
EndProject
Project("{FAE04EC0-301F-11D3-BF4B-00C04F79EFBC}") = "Assignments.Domain", "src\Services\Assignments\Assignments.Domain\Assignments.Domain.csproj", "{A8F922FF-5BA4-4535-9D2F-0A99BC7AB0EF}"
EndProject
Project("{FAE04EC0-301F-11D3-BF4B-00C04F79EFBC}") = "Assignments.Infrastructure", "src\Services\Assignments\Assignments.Infrastructure\Assignments.Infrastructure.csproj", "{CE3597CD-FD85-4243-800E-6DA228DEC54D}"
EndProject
Global
	GlobalSection(SolutionConfigurationPlatforms) = preSolution
		Debug|Any CPU = Debug|Any CPU
		Release|Any CPU = Release|Any CPU
	EndGlobalSection
	GlobalSection(SolutionProperties) = preSolution
		HideSolutionNode = FALSE
	EndGlobalSection
	GlobalSection(ProjectConfigurationPlatforms) = postSolution
		{A8E94B88-66B4-48D1-8CBE-008F1B09524C}.Debug|Any CPU.ActiveCfg = Debug|Any CPU
		{A8E94B88-66B4-48D1-8CBE-008F1B09524C}.Debug|Any CPU.Build.0 = Debug|Any CPU
		{A8E94B88-66B4-48D1-8CBE-008F1B09524C}.Release|Any CPU.ActiveCfg = Release|Any CPU
		{A8E94B88-66B4-48D1-8CBE-008F1B09524C}.Release|Any CPU.Build.0 = Release|Any CPU
		{D15A676A-14D0-4FE5-8BF8-E7E00DBBC3D3}.Debug|Any CPU.ActiveCfg = Debug|Any CPU
		{D15A676A-14D0-4FE5-8BF8-E7E00DBBC3D3}.Debug|Any CPU.Build.0 = Debug|Any CPU
		{D15A676A-14D0-4FE5-8BF8-E7E00DBBC3D3}.Release|Any CPU.ActiveCfg = Release|Any CPU
		{D15A676A-14D0-4FE5-8BF8-E7E00DBBC3D3}.Release|Any CPU.Build.0 = Release|Any CPU
		{87EAB213-53E1-419D-83C0-2AC645DECA8F}.Debug|Any CPU.ActiveCfg = Debug|Any CPU
		{87EAB213-53E1-419D-83C0-2AC645DECA8F}.Debug|Any CPU.Build.0 = Debug|Any CPU
		{87EAB213-53E1-419D-83C0-2AC645DECA8F}.Release|Any CPU.ActiveCfg = Release|Any CPU
		{87EAB213-53E1-419D-83C0-2AC645DECA8F}.Release|Any CPU.Build.0 = Release|Any CPU
		{7C445E78-2477-452F-B64B-AC03BF83DF37}.Debug|Any CPU.ActiveCfg = Debug|Any CPU
		{7C445E78-2477-452F-B64B-AC03BF83DF37}.Debug|Any CPU.Build.0 = Debug|Any CPU
		{7C445E78-2477-452F-B64B-AC03BF83DF37}.Release|Any CPU.ActiveCfg = Release|Any CPU
		{7C445E78-2477-452F-B64B-AC03BF83DF37}.Release|Any CPU.Build.0 = Release|Any CPU
		{A8A19560-CC49-4FD0-A10E-237504C28F77}.Debug|Any CPU.ActiveCfg = Debug|Any CPU
		{A8A19560-CC49-4FD0-A10E-237504C28F77}.Debug|Any CPU.Build.0 = Debug|Any CPU
		{A8A19560-CC49-4FD0-A10E-237504C28F77}.Release|Any CPU.ActiveCfg = Release|Any CPU
		{A8A19560-CC49-4FD0-A10E-237504C28F77}.Release|Any CPU.Build.0 = Release|Any CPU
		{A8F922FF-5BA4-4535-9D2F-0A99BC7AB0EF}.Debug|Any CPU.ActiveCfg = Debug|Any CPU
		{A8F922FF-5BA4-4535-9D2F-0A99BC7AB0EF}.Debug|Any CPU.Build.0 = Debug|Any CPU
		{A8F922FF-5BA4-4535-9D2F-0A99BC7AB0EF}.Release|Any CPU.ActiveCfg = Release|Any CPU
		{A8F922FF-5BA4-4535-9D2F-0A99BC7AB0EF}.Release|Any CPU.Build.0 = Release|Any CPU
		{CE3597CD-FD85-4243-800E-6DA228DEC54D}.Debug|Any CPU.ActiveCfg = Debug|Any CPU
		{CE3597CD-FD85-4243-800E-6DA228DEC54D}.Debug|Any CPU.Build.0 = Debug|Any CPU
		{CE3597CD-FD85-4243-800E-6DA228DEC54D}.Release|Any CPU.ActiveCfg = Release|Any CPU
		{CE3597CD-FD85-4243-800E-6DA228DEC54D}.Release|Any CPU.Build.0 = Release|Any CPU
	EndGlobalSection
	GlobalSection(NestedProjects) = preSolution
		{611DF6AE-E66F-4A7F-A317-2CC82AE5DC73} = {960D7E6F-0F66-4E8A-A1E5-8A3DC06AEDA7}
		{A8E94B88-66B4-48D1-8CBE-008F1B09524C} = {611DF6AE-E66F-4A7F-A317-2CC82AE5DC73}
		{7AA67693-2001-4C2D-80C1-824F49F8FB3D} = {960D7E6F-0F66-4E8A-A1E5-8A3DC06AEDA7}
		{D15A676A-14D0-4FE5-8BF8-E7E00DBBC3D3} = {7AA67693-2001-4C2D-80C1-824F49F8FB3D}
		{99759EF5-FCDA-47C4-8EC3-93BE784FA8B6} = {960D7E6F-0F66-4E8A-A1E5-8A3DC06AEDA7}
		{B02996C7-C32F-46CD-B336-06FF53653B83} = {99759EF5-FCDA-47C4-8EC3-93BE784FA8B6}
		{87EAB213-53E1-419D-83C0-2AC645DECA8F} = {B02996C7-C32F-46CD-B336-06FF53653B83}
		{F5AA626A-D08F-4702-849C-277A89303B64} = {960D7E6F-0F66-4E8A-A1E5-8A3DC06AEDA7}
		{B703505B-37D4-4893-A5F6-7A443C55F6B9} = {F5AA626A-D08F-4702-849C-277A89303B64}
		{7C445E78-2477-452F-B64B-AC03BF83DF37} = {B703505B-37D4-4893-A5F6-7A443C55F6B9}
		{A8A19560-CC49-4FD0-A10E-237504C28F77} = {B703505B-37D4-4893-A5F6-7A443C55F6B9}
		{A8F922FF-5BA4-4535-9D2F-0A99BC7AB0EF} = {B703505B-37D4-4893-A5F6-7A443C55F6B9}
		{CE3597CD-FD85-4243-800E-6DA228DEC54D} = {B703505B-37D4-4893-A5F6-7A443C55F6B9}
	EndGlobalSection
EndGlobal
